
Microsoft Visual Studio Solution File, Format Version 12.00
# Visual Studio Version 17
VisualStudioVersion = 17.4.33027.239
MinimumVisualStudioVersion = 10.0.40219.1
Project("{FAE04EC0-301F-11D3-BF4B-00C04F79EFBC}") = "EntryWithNumericKeyBoard.UWP", "EntryWithNumericKeyBoard\EntryWithNumericKeyBoard.UWP\EntryWithNumericKeyBoard.UWP.csproj", "{59368BD1-287C-4061-8387-2A46C47CDEBF}"
EndProject
Project("{FAE04EC0-301F-11D3-BF4B-00C04F79EFBC}") = "EntryWithNumericKeyBoard.Android", "EntryWithNumericKeyBoard\EntryWithNumericKeyBoard.Android\EntryWithNumericKeyBoard.Android.csproj", "{A888E8FE-A308-40EE-AEDC-74E6CFFBEA2E}"
EndProject
Project("{FAE04EC0-301F-11D3-BF4B-00C04F79EFBC}") = "EntryWithNumericKeyBoard.iOS", "EntryWithNumericKeyBoard\EntryWithNumericKeyBoard.iOS\EntryWithNumericKeyBoard.iOS.csproj", "{8AB3531B-F510-4A2B-8398-D875B10CCCD7}"
EndProject
Project("{FAE04EC0-301F-11D3-BF4B-00C04F79EFBC}") = "EntryWithNumericKeyBoard", "EntryWithNumericKeyBoard\EntryWithNumericKeyBoard\EntryWithNumericKeyBoard.csproj", "{15158CB7-52D6-49BC-9FA9-6F399CD02415}"
EndProject
Global
	GlobalSection(SolutionConfigurationPlatforms) = preSolution
		Debug|Any CPU = Debug|Any CPU
		Debug|ARM = Debug|ARM
		Debug|iPhone = Debug|iPhone
		Debug|iPhoneSimulator = Debug|iPhoneSimulator
		Debug|x64 = Debug|x64
		Debug|x86 = Debug|x86
		Release|Any CPU = Release|Any CPU
		Release|ARM = Release|ARM
		Release|iPhone = Release|iPhone
		Release|iPhoneSimulator = Release|iPhoneSimulator
		Release|x64 = Release|x64
		Release|x86 = Release|x86
	EndGlobalSection
	GlobalSection(ProjectConfigurationPlatforms) = postSolution
		{59368BD1-287C-4061-8387-2A46C47CDEBF}.Debug|Any CPU.ActiveCfg = Debug|x64
		{59368BD1-287C-4061-8387-2A46C47CDEBF}.Debug|Any CPU.Build.0 = Debug|x64
		{59368BD1-287C-4061-8387-2A46C47CDEBF}.Debug|Any CPU.Deploy.0 = Debug|x64
		{59368BD1-287C-4061-8387-2A46C47CDEBF}.Debug|ARM.ActiveCfg = Debug|ARM
		{59368BD1-287C-4061-8387-2A46C47CDEBF}.Debug|ARM.Build.0 = Debug|ARM
		{59368BD1-287C-4061-8387-2A46C47CDEBF}.Debug|ARM.Deploy.0 = Debug|ARM
		{59368BD1-287C-4061-8387-2A46C47CDEBF}.Debug|iPhone.ActiveCfg = Debug|x64
		{59368BD1-287C-4061-8387-2A46C47CDEBF}.Debug|iPhone.Build.0 = Debug|x64
		{59368BD1-287C-4061-8387-2A46C47CDEBF}.Debug|iPhone.Deploy.0 = Debug|x64
		{59368BD1-287C-4061-8387-2A46C47CDEBF}.Debug|iPhoneSimulator.ActiveCfg = Debug|x64
		{59368BD1-287C-4061-8387-2A46C47CDEBF}.Debug|iPhoneSimulator.Build.0 = Debug|x64
		{59368BD1-287C-4061-8387-2A46C47CDEBF}.Debug|iPhoneSimulator.Deploy.0 = Debug|x64
		{59368BD1-287C-4061-8387-2A46C47CDEBF}.Debug|x64.ActiveCfg = Debug|x64
		{59368BD1-287C-4061-8387-2A46C47CDEBF}.Debug|x64.Build.0 = Debug|x64
		{59368BD1-287C-4061-8387-2A46C47CDEBF}.Debug|x64.Deploy.0 = Debug|x64
		{59368BD1-287C-4061-8387-2A46C47CDEBF}.Debug|x86.ActiveCfg = Debug|x86
		{59368BD1-287C-4061-8387-2A46C47CDEBF}.Debug|x86.Build.0 = Debug|x86
		{59368BD1-287C-4061-8387-2A46C47CDEBF}.Debug|x86.Deploy.0 = Debug|x86
		{59368BD1-287C-4061-8387-2A46C47CDEBF}.Release|Any CPU.ActiveCfg = Release|x64
		{59368BD1-287C-4061-8387-2A46C47CDEBF}.Release|Any CPU.Build.0 = Release|x64
		{59368BD1-287C-4061-8387-2A46C47CDEBF}.Release|Any CPU.Deploy.0 = Release|x64
		{59368BD1-287C-4061-8387-2A46C47CDEBF}.Release|ARM.ActiveCfg = Release|ARM
		{59368BD1-287C-4061-8387-2A46C47CDEBF}.Release|ARM.Build.0 = Release|ARM
		{59368BD1-287C-4061-8387-2A46C47CDEBF}.Release|ARM.Deploy.0 = Release|ARM
		{59368BD1-287C-4061-8387-2A46C47CDEBF}.Release|iPhone.ActiveCfg = Release|x64
		{59368BD1-287C-4061-8387-2A46C47CDEBF}.Release|iPhone.Build.0 = Release|x64
		{59368BD1-287C-4061-8387-2A46C47CDEBF}.Release|iPhone.Deploy.0 = Release|x64
		{59368BD1-287C-4061-8387-2A46C47CDEBF}.Release|iPhoneSimulator.ActiveCfg = Release|x64
		{59368BD1-287C-4061-8387-2A46C47CDEBF}.Release|iPhoneSimulator.Build.0 = Release|x64
		{59368BD1-287C-4061-8387-2A46C47CDEBF}.Release|iPhoneSimulator.Deploy.0 = Release|x64
		{59368BD1-287C-4061-8387-2A46C47CDEBF}.Release|x64.ActiveCfg = Release|x64
		{59368BD1-287C-4061-8387-2A46C47CDEBF}.Release|x64.Build.0 = Release|x64
		{59368BD1-287C-4061-8387-2A46C47CDEBF}.Release|x64.Deploy.0 = Release|x64
		{59368BD1-287C-4061-8387-2A46C47CDEBF}.Release|x86.ActiveCfg = Release|x86
		{59368BD1-287C-4061-8387-2A46C47CDEBF}.Release|x86.Build.0 = Release|x86
		{59368BD1-287C-4061-8387-2A46C47CDEBF}.Release|x86.Deploy.0 = Release|x86
		{A888E8FE-A308-40EE-AEDC-74E6CFFBEA2E}.Debug|Any CPU.ActiveCfg = Debug|Any CPU
		{A888E8FE-A308-40EE-AEDC-74E6CFFBEA2E}.Debug|Any CPU.Build.0 = Debug|Any CPU
		{A888E8FE-A308-40EE-AEDC-74E6CFFBEA2E}.Debug|Any CPU.Deploy.0 = Debug|Any CPU
		{A888E8FE-A308-40EE-AEDC-74E6CFFBEA2E}.Debug|ARM.ActiveCfg = Debug|Any CPU
		{A888E8FE-A308-40EE-AEDC-74E6CFFBEA2E}.Debug|ARM.Build.0 = Debug|Any CPU
		{A888E8FE-A308-40EE-AEDC-74E6CFFBEA2E}.Debug|ARM.Deploy.0 = Debug|Any CPU
		{A888E8FE-A308-40EE-AEDC-74E6CFFBEA2E}.Debug|iPhone.ActiveCfg = Debug|Any CPU
		{A888E8FE-A308-40EE-AEDC-74E6CFFBEA2E}.Debug|iPhone.Build.0 = Debug|Any CPU
		{A888E8FE-A308-40EE-AEDC-74E6CFFBEA2E}.Debug|iPhone.Deploy.0 = Debug|Any CPU
		{A888E8FE-A308-40EE-AEDC-74E6CFFBEA2E}.Debug|iPhoneSimulator.ActiveCfg = Debug|Any CPU
		{A888E8FE-A308-40EE-AEDC-74E6CFFBEA2E}.Debug|iPhoneSimulator.Build.0 = Debug|Any CPU
		{A888E8FE-A308-40EE-AEDC-74E6CFFBEA2E}.Debug|iPhoneSimulator.Deploy.0 = Debug|Any CPU
		{A888E8FE-A308-40EE-AEDC-74E6CFFBEA2E}.Debug|x64.ActiveCfg = Debug|Any CPU
		{A888E8FE-A308-40EE-AEDC-74E6CFFBEA2E}.Debug|x64.Build.0 = Debug|Any CPU
		{A888E8FE-A308-40EE-AEDC-74E6CFFBEA2E}.Debug|x64.Deploy.0 = Debug|Any CPU
		{A888E8FE-A308-40EE-AEDC-74E6CFFBEA2E}.Debug|x86.ActiveCfg = Debug|Any CPU
		{A888E8FE-A308-40EE-AEDC-74E6CFFBEA2E}.Debug|x86.Build.0 = Debug|Any CPU
		{A888E8FE-A308-40EE-AEDC-74E6CFFBEA2E}.Debug|x86.Deploy.0 = Debug|Any CPU
		{A888E8FE-A308-40EE-AEDC-74E6CFFBEA2E}.Release|Any CPU.ActiveCfg = Release|Any CPU
		{A888E8FE-A308-40EE-AEDC-74E6CFFBEA2E}.Release|Any CPU.Build.0 = Release|Any CPU
		{A888E8FE-A308-40EE-AEDC-74E6CFFBEA2E}.Release|Any CPU.Deploy.0 = Release|Any CPU
		{A888E8FE-A308-40EE-AEDC-74E6CFFBEA2E}.Release|ARM.ActiveCfg = Release|Any CPU
		{A888E8FE-A308-40EE-AEDC-74E6CFFBEA2E}.Release|ARM.Build.0 = Release|Any CPU
		{A888E8FE-A308-40EE-AEDC-74E6CFFBEA2E}.Release|ARM.Deploy.0 = Release|Any CPU
		{A888E8FE-A308-40EE-AEDC-74E6CFFBEA2E}.Release|iPhone.ActiveCfg = Release|Any CPU
		{A888E8FE-A308-40EE-AEDC-74E6CFFBEA2E}.Release|iPhone.Build.0 = Release|Any CPU
		{A888E8FE-A308-40EE-AEDC-74E6CFFBEA2E}.Release|iPhone.Deploy.0 = Release|Any CPU
		{A888E8FE-A308-40EE-AEDC-74E6CFFBEA2E}.Release|iPhoneSimulator.ActiveCfg = Release|Any CPU
		{A888E8FE-A308-40EE-AEDC-74E6CFFBEA2E}.Release|iPhoneSimulator.Build.0 = Release|Any CPU
		{A888E8FE-A308-40EE-AEDC-74E6CFFBEA2E}.Release|iPhoneSimulator.Deploy.0 = Release|Any CPU
		{A888E8FE-A308-40EE-AEDC-74E6CFFBEA2E}.Release|x64.ActiveCfg = Release|Any CPU
		{A888E8FE-A308-40EE-AEDC-74E6CFFBEA2E}.Release|x64.Build.0 = Release|Any CPU
		{A888E8FE-A308-40EE-AEDC-74E6CFFBEA2E}.Release|x64.Deploy.0 = Release|Any CPU
		{A888E8FE-A308-40EE-AEDC-74E6CFFBEA2E}.Release|x86.ActiveCfg = Release|Any CPU
		{A888E8FE-A308-40EE-AEDC-74E6CFFBEA2E}.Release|x86.Build.0 = Release|Any CPU
		{A888E8FE-A308-40EE-AEDC-74E6CFFBEA2E}.Release|x86.Deploy.0 = Release|Any CPU
		{8AB3531B-F510-4A2B-8398-D875B10CCCD7}.Debug|Any CPU.ActiveCfg = Debug|iPhoneSimulator
		{8AB3531B-F510-4A2B-8398-D875B10CCCD7}.Debug|Any CPU.Build.0 = Debug|iPhoneSimulator
		{8AB3531B-F510-4A2B-8398-D875B10CCCD7}.Debug|Any CPU.Deploy.0 = Debug|iPhoneSimulator
		{8AB3531B-F510-4A2B-8398-D875B10CCCD7}.Debug|ARM.ActiveCfg = Debug|iPhoneSimulator
		{8AB3531B-F510-4A2B-8398-D875B10CCCD7}.Debug|ARM.Build.0 = Debug|iPhoneSimulator
		{8AB3531B-F510-4A2B-8398-D875B10CCCD7}.Debug|ARM.Deploy.0 = Debug|iPhoneSimulator
		{8AB3531B-F510-4A2B-8398-D875B10CCCD7}.Debug|iPhone.ActiveCfg = Debug|iPhone
		{8AB3531B-F510-4A2B-8398-D875B10CCCD7}.Debug|iPhone.Build.0 = Debug|iPhone
		{8AB3531B-F510-4A2B-8398-D875B10CCCD7}.Debug|iPhone.Deploy.0 = Debug|iPhone
		{8AB3531B-F510-4A2B-8398-D875B10CCCD7}.Debug|iPhoneSimulator.ActiveCfg = Debug|iPhoneSimulator
		{8AB3531B-F510-4A2B-8398-D875B10CCCD7}.Debug|iPhoneSimulator.Build.0 = Debug|iPhoneSimulator
		{8AB3531B-F510-4A2B-8398-D875B10CCCD7}.Debug|iPhoneSimulator.Deploy.0 = Debug|iPhoneSimulator
		{8AB3531B-F510-4A2B-8398-D875B10CCCD7}.Debug|x64.ActiveCfg = Debug|iPhone
		{8AB3531B-F510-4A2B-8398-D875B10CCCD7}.Debug|x64.Build.0 = Debug|iPhone
		{8AB3531B-F510-4A2B-8398-D875B10CCCD7}.Debug|x64.Deploy.0 = Debug|iPhone
		{8AB3531B-F510-4A2B-8398-D875B10CCCD7}.Debug|x86.ActiveCfg = Debug|iPhoneSimulator
		{8AB3531B-F510-4A2B-8398-D875B10CCCD7}.Debug|x86.Build.0 = Debug|iPhoneSimulator
		{8AB3531B-F510-4A2B-8398-D875B10CCCD7}.Debug|x86.Deploy.0 = Debug|iPhoneSimulator
		{8AB3531B-F510-4A2B-8398-D875B10CCCD7}.Release|Any CPU.ActiveCfg = Release|iPhoneSimulator
		{8AB3531B-F510-4A2B-8398-D875B10CCCD7}.Release|Any CPU.Build.0 = Release|iPhoneSimulator
		{8AB3531B-F510-4A2B-8398-D875B10CCCD7}.Release|Any CPU.Deploy.0 = Release|iPhoneSimulator
		{8AB3531B-F510-4A2B-8398-D875B10CCCD7}.Release|ARM.ActiveCfg = Release|iPhoneSimulator
		{8AB3531B-F510-4A2B-8398-D875B10CCCD7}.Release|ARM.Build.0 = Release|iPhoneSimulator
		{8AB3531B-F510-4A2B-8398-D875B10CCCD7}.Release|ARM.Deploy.0 = Release|iPhoneSimulator
		{8AB3531B-F510-4A2B-8398-D875B10CCCD7}.Release|iPhone.ActiveCfg = Release|iPhone
		{8AB3531B-F510-4A2B-8398-D875B10CCCD7}.Release|iPhone.Build.0 = Release|iPhone
		{8AB3531B-F510-4A2B-8398-D875B10CCCD7}.Release|iPhone.Deploy.0 = Release|iPhone
		{8AB3531B-F510-4A2B-8398-D875B10CCCD7}.Release|iPhoneSimulator.ActiveCfg = Release|iPhoneSimulator
		{8AB3531B-F510-4A2B-8398-D875B10CCCD7}.Release|iPhoneSimulator.Build.0 = Release|iPhoneSimulator
		{8AB3531B-F510-4A2B-8398-D875B10CCCD7}.Release|iPhoneSimulator.Deploy.0 = Release|iPhoneSimulator
		{8AB3531B-F510-4A2B-8398-D875B10CCCD7}.Release|x64.ActiveCfg = Release|iPhoneSimulator
		{8AB3531B-F510-4A2B-8398-D875B10CCCD7}.Release|x64.Build.0 = Release|iPhoneSimulator
		{8AB3531B-F510-4A2B-8398-D875B10CCCD7}.Release|x64.Deploy.0 = Release|iPhoneSimulator
		{8AB3531B-F510-4A2B-8398-D875B10CCCD7}.Release|x86.ActiveCfg = Release|iPhoneSimulator
		{8AB3531B-F510-4A2B-8398-D875B10CCCD7}.Release|x86.Build.0 = Release|iPhoneSimulator
		{8AB3531B-F510-4A2B-8398-D875B10CCCD7}.Release|x86.Deploy.0 = Release|iPhoneSimulator
		{15158CB7-52D6-49BC-9FA9-6F399CD02415}.Debug|Any CPU.ActiveCfg = Debug|Any CPU
		{15158CB7-52D6-49BC-9FA9-6F399CD02415}.Debug|Any CPU.Build.0 = Debug|Any CPU
		{15158CB7-52D6-49BC-9FA9-6F399CD02415}.Debug|Any CPU.Deploy.0 = Debug|Any CPU
		{15158CB7-52D6-49BC-9FA9-6F399CD02415}.Debug|ARM.ActiveCfg = Debug|Any CPU
		{15158CB7-52D6-49BC-9FA9-6F399CD02415}.Debug|ARM.Build.0 = Debug|Any CPU
		{15158CB7-52D6-49BC-9FA9-6F399CD02415}.Debug|ARM.Deploy.0 = Debug|Any CPU
		{15158CB7-52D6-49BC-9FA9-6F399CD02415}.Debug|iPhone.ActiveCfg = Debug|Any CPU
		{15158CB7-52D6-49BC-9FA9-6F399CD02415}.Debug|iPhone.Build.0 = Debug|Any CPU
		{15158CB7-52D6-49BC-9FA9-6F399CD02415}.Debug|iPhone.Deploy.0 = Debug|Any CPU
		{15158CB7-52D6-49BC-9FA9-6F399CD02415}.Debug|iPhoneSimulator.ActiveCfg = Debug|Any CPU
		{15158CB7-52D6-49BC-9FA9-6F399CD02415}.Debug|iPhoneSimulator.Build.0 = Debug|Any CPU
		{15158CB7-52D6-49BC-9FA9-6F399CD02415}.Debug|iPhoneSimulator.Deploy.0 = Debug|Any CPU
		{15158CB7-52D6-49BC-9FA9-6F399CD02415}.Debug|x64.ActiveCfg = Debug|Any CPU
		{15158CB7-52D6-49BC-9FA9-6F399CD02415}.Debug|x64.Build.0 = Debug|Any CPU
		{15158CB7-52D6-49BC-9FA9-6F399CD02415}.Debug|x64.Deploy.0 = Debug|Any CPU
		{15158CB7-52D6-49BC-9FA9-6F399CD02415}.Debug|x86.ActiveCfg = Debug|Any CPU
		{15158CB7-52D6-49BC-9FA9-6F399CD02415}.Debug|x86.Build.0 = Debug|Any CPU
		{15158CB7-52D6-49BC-9FA9-6F399CD02415}.Debug|x86.Deploy.0 = Debug|Any CPU
		{15158CB7-52D6-49BC-9FA9-6F399CD02415}.Release|Any CPU.ActiveCfg = Release|Any CPU
		{15158CB7-52D6-49BC-9FA9-6F399CD02415}.Release|Any CPU.Build.0 = Release|Any CPU
		{15158CB7-52D6-49BC-9FA9-6F399CD02415}.Release|Any CPU.Deploy.0 = Release|Any CPU
		{15158CB7-52D6-49BC-9FA9-6F399CD02415}.Release|ARM.ActiveCfg = Release|Any CPU
		{15158CB7-52D6-49BC-9FA9-6F399CD02415}.Release|ARM.Build.0 = Release|Any CPU
		{15158CB7-52D6-49BC-9FA9-6F399CD02415}.Release|ARM.Deploy.0 = Release|Any CPU
		{15158CB7-52D6-49BC-9FA9-6F399CD02415}.Release|iPhone.ActiveCfg = Release|Any CPU
		{15158CB7-52D6-49BC-9FA9-6F399CD02415}.Release|iPhone.Build.0 = Release|Any CPU
		{15158CB7-52D6-49BC-9FA9-6F399CD02415}.Release|iPhone.Deploy.0 = Release|Any CPU
		{15158CB7-52D6-49BC-9FA9-6F399CD02415}.Release|iPhoneSimulator.ActiveCfg = Release|Any CPU
		{15158CB7-52D6-49BC-9FA9-6F399CD02415}.Release|iPhoneSimulator.Build.0 = Release|Any CPU
		{15158CB7-52D6-49BC-9FA9-6F399CD02415}.Release|iPhoneSimulator.Deploy.0 = Release|Any CPU
		{15158CB7-52D6-49BC-9FA9-6F399CD02415}.Release|x64.ActiveCfg = Release|Any CPU
		{15158CB7-52D6-49BC-9FA9-6F399CD02415}.Release|x64.Build.0 = Release|Any CPU
		{15158CB7-52D6-49BC-9FA9-6F399CD02415}.Release|x64.Deploy.0 = Release|Any CPU
		{15158CB7-52D6-49BC-9FA9-6F399CD02415}.Release|x86.ActiveCfg = Release|Any CPU
		{15158CB7-52D6-49BC-9FA9-6F399CD02415}.Release|x86.Build.0 = Release|Any CPU
		{15158CB7-52D6-49BC-9FA9-6F399CD02415}.Release|x86.Deploy.0 = Release|Any CPU
	EndGlobalSection
	GlobalSection(SolutionProperties) = preSolution
		HideSolutionNode = FALSE
	EndGlobalSection
	GlobalSection(ExtensibilityGlobals) = postSolution
		SolutionGuid = {6B0AFD61-4C8F-47FB-BD4D-2E42BF66ED2C}
	EndGlobalSection
EndGlobal
